Microsoft Visual Studio Solution File, Format Version 11.00
# Visual Studio 2008

Project("{1FD205CD-3E5B-55B2-10C1-628C18868AC2}") = "Robot Boy", "Assembly-CSharp.csproj", "{5090A902-3125-CAB1-E0F2-3AB2564B7BCB}"
EndProject
Global
	GlobalSection(SolutionConfigurationPlatforms) = preSolution
		Debug|Any CPU = Debug|Any CPU
		Release|Any CPU = Release|Any CPU
	EndGlobalSection
	GlobalSection(ProjectConfigurationPlatforms) = postSolution
		{5090A902-3125-CAB1-E0F2-3AB2564B7BCB}.Debug|Any CPU.ActiveCfg = Debug|Any CPU
		{5090A902-3125-CAB1-E0F2-3AB2564B7BCB}.Debug|Any CPU.Build.0 = Debug|Any CPU
		{5090A902-3125-CAB1-E0F2-3AB2564B7BCB}.Release|Any CPU.ActiveCfg = Release|Any CPU
		{5090A902-3125-CAB1-E0F2-3AB2564B7BCB}.Release|Any CPU.Build.0 = Release|Any CPU
	EndGlobalSection
	GlobalSection(SolutionProperties) = preSolution
		HideSolutionNode = FALSE
	EndGlobalSection
	GlobalSection(MonoDevelopProperties) = preSolution
		StartupItem = Assembly-CSharp.csproj
	EndGlobalSection
EndGlobal
